
Microsoft Visual Studio Solution File, Format Version 12.00
# Visual Studio Version 17
VisualStudioVersion = 17.0.31903.59
MinimumVisualStudioVersion = 10.0.40219.1
Project("{2150E333-8FDC-42A3-9474-1A3956D46DE8}") = "API", "API", "{DD135EC2-30E0-428E-A872-A3689D3BBC07}"
EndProject
Project("{FAE04EC0-301F-11D3-BF4B-00C04F79EFBC}") = "CMS.API", "API\CMS.API\CMS.API.csproj", "{CBC0E50C-961B-4764-B3EE-E080F16CB4DC}"
EndProject
Project("{2150E333-8FDC-42A3-9474-1A3956D46DE8}") = "Migration", "Migration", "{FCB5057D-07F3-44C6-AF9A-EE66277BEE31}"
EndProject
Project("{FAE04EC0-301F-11D3-BF4B-00C04F79EFBC}") = "CMS.MSSQL.Migrations", "Migration\CMS.MSSQL.Migrations\CMS.MSSQL.Migrations.csproj", "{2D49454D-6BAB-4121-8BF9-31327C8A4158}"
EndProject
Project("{2150E333-8FDC-42A3-9474-1A3956D46DE8}") = "IOC", "IOC", "{B2C35FDB-0731-4DA0-8A95-0DB841C3B1F1}"
EndProject
Project("{FAE04EC0-301F-11D3-BF4B-00C04F79EFBC}") = "CMS.IOC", "IOC\CMS.IOC\CMS.IOC.csproj", "{526C9914-9443-4AD4-8E17-68FBF56F518C}"
EndProject
Project("{2150E333-8FDC-42A3-9474-1A3956D46DE8}") = "Core", "Core", "{61F96A18-0179-4240-B651-D37DD178C6F0}"
EndProject
Project("{FAE04EC0-301F-11D3-BF4B-00C04F79EFBC}") = "CMS.Domain", "Core\CMS.Domain\CMS.Domain.csproj", "{298B58E0-D156-40ED-81A1-45AD06A9A26B}"
EndProject
Project("{FAE04EC0-301F-11D3-BF4B-00C04F79EFBC}") = "CMS.Application", "Core\CMS.Application\CMS.Application.csproj", "{99AD9F68-51A5-4425-AC11-71F33F165F6B}"
EndProject
Project("{2150E333-8FDC-42A3-9474-1A3956D46DE8}") = "Infrastructure", "Infrastructure", "{E9E20A94-887F-4F2C-87C2-E6BE1D95981E}"
EndProject
Project("{FAE04EC0-301F-11D3-BF4B-00C04F79EFBC}") = "CMS.Infrastructure", "Infrastructure\CMS.Infrastructure\CMS.Infrastructure.csproj", "{037CB671-7391-40B4-857D-E77A619B27E4}"
EndProject
Project("{FAE04EC0-301F-11D3-BF4B-00C04F79EFBC}") = "CMS.Persistence", "Infrastructure\CMS.Persistence\CMS.Persistence.csproj", "{ADE92155-84D3-4724-889B-3C74984C8751}"
EndProject
Global
	GlobalSection(SolutionConfigurationPlatforms) = preSolution
		Debug|Any CPU = Debug|Any CPU
		Release|Any CPU = Release|Any CPU
	EndGlobalSection
	GlobalSection(SolutionProperties) = preSolution
		HideSolutionNode = FALSE
	EndGlobalSection
	GlobalSection(ProjectConfigurationPlatforms) = postSolution
		{CBC0E50C-961B-4764-B3EE-E080F16CB4DC}.Debug|Any CPU.ActiveCfg = Debug|Any CPU
		{CBC0E50C-961B-4764-B3EE-E080F16CB4DC}.Debug|Any CPU.Build.0 = Debug|Any CPU
		{CBC0E50C-961B-4764-B3EE-E080F16CB4DC}.Release|Any CPU.ActiveCfg = Release|Any CPU
		{CBC0E50C-961B-4764-B3EE-E080F16CB4DC}.Release|Any CPU.Build.0 = Release|Any CPU
		{2D49454D-6BAB-4121-8BF9-31327C8A4158}.Debug|Any CPU.ActiveCfg = Debug|Any CPU
		{2D49454D-6BAB-4121-8BF9-31327C8A4158}.Debug|Any CPU.Build.0 = Debug|Any CPU
		{2D49454D-6BAB-4121-8BF9-31327C8A4158}.Release|Any CPU.ActiveCfg = Release|Any CPU
		{2D49454D-6BAB-4121-8BF9-31327C8A4158}.Release|Any CPU.Build.0 = Release|Any CPU
		{526C9914-9443-4AD4-8E17-68FBF56F518C}.Debug|Any CPU.ActiveCfg = Debug|Any CPU
		{526C9914-9443-4AD4-8E17-68FBF56F518C}.Debug|Any CPU.Build.0 = Debug|Any CPU
		{526C9914-9443-4AD4-8E17-68FBF56F518C}.Release|Any CPU.ActiveCfg = Release|Any CPU
		{526C9914-9443-4AD4-8E17-68FBF56F518C}.Release|Any CPU.Build.0 = Release|Any CPU
		{298B58E0-D156-40ED-81A1-45AD06A9A26B}.Debug|Any CPU.ActiveCfg = Debug|Any CPU
		{298B58E0-D156-40ED-81A1-45AD06A9A26B}.Debug|Any CPU.Build.0 = Debug|Any CPU
		{298B58E0-D156-40ED-81A1-45AD06A9A26B}.Release|Any CPU.ActiveCfg = Release|Any CPU
		{298B58E0-D156-40ED-81A1-45AD06A9A26B}.Release|Any CPU.Build.0 = Release|Any CPU
		{99AD9F68-51A5-4425-AC11-71F33F165F6B}.Debug|Any CPU.ActiveCfg = Debug|Any CPU
		{99AD9F68-51A5-4425-AC11-71F33F165F6B}.Debug|Any CPU.Build.0 = Debug|Any CPU
		{99AD9F68-51A5-4425-AC11-71F33F165F6B}.Release|Any CPU.ActiveCfg = Release|Any CPU
		{99AD9F68-51A5-4425-AC11-71F33F165F6B}.Release|Any CPU.Build.0 = Release|Any CPU
		{037CB671-7391-40B4-857D-E77A619B27E4}.Debug|Any CPU.ActiveCfg = Debug|Any CPU
		{037CB671-7391-40B4-857D-E77A619B27E4}.Debug|Any CPU.Build.0 = Debug|Any CPU
		{037CB671-7391-40B4-857D-E77A619B27E4}.Release|Any CPU.ActiveCfg = Release|Any CPU
		{037CB671-7391-40B4-857D-E77A619B27E4}.Release|Any CPU.Build.0 = Release|Any CPU
		{ADE92155-84D3-4724-889B-3C74984C8751}.Debug|Any CPU.ActiveCfg = Debug|Any CPU
		{ADE92155-84D3-4724-889B-3C74984C8751}.Debug|Any CPU.Build.0 = Debug|Any CPU
		{ADE92155-84D3-4724-889B-3C74984C8751}.Release|Any CPU.ActiveCfg = Release|Any CPU
		{ADE92155-84D3-4724-889B-3C74984C8751}.Release|Any CPU.Build.0 = Release|Any CPU
	EndGlobalSection
	GlobalSection(NestedProjects) = preSolution
		{CBC0E50C-961B-4764-B3EE-E080F16CB4DC} = {DD135EC2-30E0-428E-A872-A3689D3BBC07}
		{2D49454D-6BAB-4121-8BF9-31327C8A4158} = {FCB5057D-07F3-44C6-AF9A-EE66277BEE31}
		{526C9914-9443-4AD4-8E17-68FBF56F518C} = {B2C35FDB-0731-4DA0-8A95-0DB841C3B1F1}
		{298B58E0-D156-40ED-81A1-45AD06A9A26B} = {61F96A18-0179-4240-B651-D37DD178C6F0}
		{99AD9F68-51A5-4425-AC11-71F33F165F6B} = {61F96A18-0179-4240-B651-D37DD178C6F0}
		{037CB671-7391-40B4-857D-E77A619B27E4} = {E9E20A94-887F-4F2C-87C2-E6BE1D95981E}
		{ADE92155-84D3-4724-889B-3C74984C8751} = {E9E20A94-887F-4F2C-87C2-E6BE1D95981E}
	EndGlobalSection
EndGlobal
